
Microsoft Visual Studio Solution File, Format Version 12.00
# Visual Studio Version 17
VisualStudioVersion = 17.9.34616.47
MinimumVisualStudioVersion = 10.0.40219.1
Project("{9A19103F-16F7-4668-BE54-9A1E7A4F7556}") = "FinancialInstrumentService", "FinacialInstrumentsService\FinancialInstrumentService.csproj", "{F7A3B245-5E83-43BB-B2B4-06896FD9C1D2}"
EndProject
Project("{9A19103F-16F7-4668-BE54-9A1E7A4F7556}") = "FinancialInstrumentsService.Tests", "FinancialInstrumentsService.Tests\FinancialInstrumentsService.Tests.csproj", "{BD126BF9-A89A-4638-AEDA-8ED33497F339}"
EndProject
Global
	GlobalSection(SolutionConfigurationPlatforms) = preSolution
		Debug|Any CPU = Debug|Any CPU
		Release|Any CPU = Release|Any CPU
	EndGlobalSection
	GlobalSection(ProjectConfigurationPlatforms) = postSolution
		{F7A3B245-5E83-43BB-B2B4-06896FD9C1D2}.Debug|Any CPU.ActiveCfg = Debug|Any CPU
		{F7A3B245-5E83-43BB-B2B4-06896FD9C1D2}.Debug|Any CPU.Build.0 = Debug|Any CPU
		{F7A3B245-5E83-43BB-B2B4-06896FD9C1D2}.Release|Any CPU.ActiveCfg = Release|Any CPU
		{F7A3B245-5E83-43BB-B2B4-06896FD9C1D2}.Release|Any CPU.Build.0 = Release|Any CPU
		{BD126BF9-A89A-4638-AEDA-8ED33497F339}.Debug|Any CPU.ActiveCfg = Debug|Any CPU
		{BD126BF9-A89A-4638-AEDA-8ED33497F339}.Debug|Any CPU.Build.0 = Debug|Any CPU
		{BD126BF9-A89A-4638-AEDA-8ED33497F339}.Release|Any CPU.ActiveCfg = Release|Any CPU
		{BD126BF9-A89A-4638-AEDA-8ED33497F339}.Release|Any CPU.Build.0 = Release|Any CPU
	EndGlobalSection
	GlobalSection(SolutionProperties) = preSolution
		HideSolutionNode = FALSE
	EndGlobalSection
	GlobalSection(ExtensibilityGlobals) = postSolution
		SolutionGuid = {E1B0F8A2-1463-476C-895F-CA60B18BA346}
	EndGlobalSection
EndGlobal
